// !$*UTF8*$!
{
	archiveVersion = 1;
	classes = {
	};
	objectVersion = 46;
	objects = {

/* Begin PBXBuildFile section */
		B50723CF12E3E4D30090BB52 /* SideBarController.m in Sources */ = {isa = PBXBuildFile; fileRef = B50723C512E3E4D30090BB52 /* SideBarController.m */; };
		B50723DB12E3ED510090BB52 /* SideBarController.xib in Resources */ = {isa = PBXBuildFile; fileRef = B50723DA12E3ED510090BB52 /* SideBarController.xib */; };
		B50D061B12E874F9006F2DA8 /* BBContentController.m in Sources */ = {isa = PBXBuildFile; fileRef = B50D061912E874F9006F2DA8 /* BBContentController.m */; };
		B50D062012E87B43006F2DA8 /* BBAppsController.m in Sources */ = {isa = PBXBuildFile; fileRef = B50D061E12E87B43006F2DA8 /* BBAppsController.m */; };
		B50D062112E87B43006F2DA8 /* BBAppsController.xib in Resources */ = {isa = PBXBuildFile; fileRef = B50D061F12E87B43006F2DA8 /* BBAppsController.xib */; };
		B50D062512E87C0B006F2DA8 /* BBDeviceShelfController.m in Sources */ = {isa = PBXBuildFile; fileRef = B50D062312E87C0B006F2DA8 /* BBDeviceShelfController.m */; };
		B50D062612E87C0B006F2DA8 /* BBDeviceShelfController.xib in Resources */ = {isa = PBXBuildFile; fileRef = B50D062412E87C0B006F2DA8 /* BBDeviceShelfController.xib */; };
		B50EFB0213095A400023F465 /* MGRecessedPopUpButtonCell.m in Sources */ = {isa = PBXBuildFile; fileRef = B50EFAFD13095A400023F465 /* MGRecessedPopUpButtonCell.m */; };
		B50EFB0313095A400023F465 /* MGScopeBar.m in Sources */ = {isa = PBXBuildFile; fileRef = B50EFAFF13095A400023F465 /* MGScopeBar.m */; };
		B50EFB0413095A400023F465 /* Source Code License.rtf in Resources */ = {isa = PBXBuildFile; fileRef = B50EFB0113095A400023F465 /* Source Code License.rtf */; };
		B54DB20512DF0586006E12E8 /* Cocoa.framework in Frameworks */ = {isa = PBXBuildFile; fileRef = B54DB20412DF0586006E12E8 /* Cocoa.framework */; };
		B54DB20F12DF0586006E12E8 /* InfoPlist.strings in Resources */ = {isa = PBXBuildFile; fileRef = B54DB20D12DF0586006E12E8 /* InfoPlist.strings */; };
		B54DB21212DF0586006E12E8 /* main.m in Sources */ = {isa = PBXBuildFile; fileRef = B54DB21112DF0586006E12E8 /* main.m */; };
		B54DB21512DF0586006E12E8 /* Credits.rtf in Resources */ = {isa = PBXBuildFile; fileRef = B54DB21312DF0586006E12E8 /* Credits.rtf */; };
		B54DB21812DF0586006E12E8 /* iBambookAppDelegate.m in Sources */ = {isa = PBXBuildFile; fileRef = B54DB21712DF0586006E12E8 /* iBambookAppDelegate.m */; };
		B54DB21B12DF0586006E12E8 /* MainMenu.xib in Resources */ = {isa = PBXBuildFile; fileRef = B54DB21912DF0586006E12E8 /* MainMenu.xib */; };
		B579E59A130CC932001346D1 /* SHSplitView.m in Sources */ = {isa = PBXBuildFile; fileRef = B579E599130CC932001346D1 /* SHSplitView.m */; };
		B591B3DE12EAB95600465B15 /* Localizable.strings in Resources */ = {isa = PBXBuildFile; fileRef = B591B3E012EAB95600465B15 /* Localizable.strings */; };
		B5BB6DB212E93B6D0027568D /* BBURL.m in Sources */ = {isa = PBXBuildFile; fileRef = B5BB6DB112E93B6D0027568D /* BBURL.m */; };
		B5C42CA612E87C7B00FA4CA0 /* BBDeviceAppsController.m in Sources */ = {isa = PBXBuildFile; fileRef = B5C42CA412E87C7B00FA4CA0 /* BBDeviceAppsController.m */; };
		B5C42CA712E87C7B00FA4CA0 /* BBDeviceAppsController.xib in Resources */ = {isa = PBXBuildFile; fileRef = B5C42CA512E87C7B00FA4CA0 /* BBDeviceAppsController.xib */; };
		B5C42CAB12E87CAF00FA4CA0 /* BBUserController.m in Sources */ = {isa = PBXBuildFile; fileRef = B5C42CA912E87CAF00FA4CA0 /* BBUserController.m */; };
		B5C42CAC12E87CAF00FA4CA0 /* BBUserController.xib in Resources */ = {isa = PBXBuildFile; fileRef = B5C42CAA12E87CAF00FA4CA0 /* BBUserController.xib */; };
		B5E5875A12E6974600FE7C02 /* BBDeviceController.m in Sources */ = {isa = PBXBuildFile; fileRef = B5E5875812E6974600FE7C02 /* BBDeviceController.m */; };
		B5E5875B12E6974600FE7C02 /* BBDeviceController.xib in Resources */ = {isa = PBXBuildFile; fileRef = B5E5875912E6974600FE7C02 /* BBDeviceController.xib */; };
		B5E5876012E6977100FE7C02 /* BBShelfController.m in Sources */ = {isa = PBXBuildFile; fileRef = B5E5875E12E6977100FE7C02 /* BBShelfController.m */; };
		B5E5876112E6977100FE7C02 /* BBShelfController.xib in Resources */ = {isa = PBXBuildFile; fileRef = B5E5875F12E6977100FE7C02 /* BBShelfController.xib */; };
		B5E5876812E6C2A300FE7C02 /* ImageAndTextCell.m in Sources */ = {isa = PBXBuildFile; fileRef = B5E5876512E6C2A300FE7C02 /* ImageAndTextCell.m */; };
		B5E5876912E6C2A300FE7C02 /* SeparatorCell.m in Sources */ = {isa = PBXBuildFile; fileRef = B5E5876712E6C2A300FE7C02 /* SeparatorCell.m */; };
		B5E5877012E6C2AF00FE7C02 /* BaseNode.m in Sources */ = {isa = PBXBuildFile; fileRef = B5E5876B12E6C2AF00FE7C02 /* BaseNode.m */; };
		B5E5877112E6C2AF00FE7C02 /* ChildNode.m in Sources */ = {isa = PBXBuildFile; fileRef = B5E5876D12E6C2AF00FE7C02 /* ChildNode.m */; };
		B5E5877212E6C2AF00FE7C02 /* NSArrayExtensions.m in Sources */ = {isa = PBXBuildFile; fileRef = B5E5876F12E6C2AF00FE7C02 /* NSArrayExtensions.m */; };
/* End PBXBuildFile section */

/* Begin PBXFileReference section */
		B50723C412E3E4D30090BB52 /* SideBarController.h */ = {isa = PBXFileReference; fileEncoding = 4; lastKnownFileType = sourcecode.c.h; lineEnding = 0; path = SideBarController.h; sourceTree = "<group>"; xcLanguageSpecificationIdentifier = xcode.lang.objcpp; };
		B50723C512E3E4D30090BB52 /* SideBarController.m */ = {isa = PBXFileReference; fileEncoding = 4; lastKnownFileType = sourcecode.c.objc; lineEnding = 0; path = SideBarController.m; sourceTree = "<group>"; xcLanguageSpecificationIdentifier = xcode.lang.objc; };
		B50723DA12E3ED510090BB52 /* SideBarController.xib */ = {isa = PBXFileReference; fileEncoding = 4; lastKnownFileType = file.xib; path = SideBarController.xib; sourceTree = "<group>"; };
		B50D061812E874F9006F2DA8 /* BBContentController.h */ = {isa = PBXFileReference; fileEncoding = 4; lastKnownFileType = sourcecode.c.h; path = BBContentController.h; sourceTree = "<group>"; };
		B50D061912E874F9006F2DA8 /* BBContentController.m */ = {isa = PBXFileReference; fileEncoding = 4; lastKnownFileType = sourcecode.c.objc; path = BBContentController.m; sourceTree = "<group>"; };
		B50D061D12E87B43006F2DA8 /* BBAppsController.h */ = {isa = PBXFileReference; fileEncoding = 4; lastKnownFileType = sourcecode.c.h; path = BBAppsController.h; sourceTree = "<group>"; };
		B50D061E12E87B43006F2DA8 /* BBAppsController.m */ = {isa = PBXFileReference; fileEncoding = 4; lastKnownFileType = sourcecode.c.objc; path = BBAppsController.m; sourceTree = "<group>"; };
		B50D061F12E87B43006F2DA8 /* BBAppsController.xib */ = {isa = PBXFileReference; fileEncoding = 4; lastKnownFileType = file.xib; path = BBAppsController.xib; sourceTree = "<group>"; };
		B50D062212E87C0B006F2DA8 /* BBDeviceShelfController.h */ = {isa = PBXFileReference; fileEncoding = 4; lastKnownFileType = sourcecode.c.h; path = BBDeviceShelfController.h; sourceTree = "<group>"; };
		B50D062312E87C0B006F2DA8 /* BBDeviceShelfController.m */ = {isa = PBXFileReference; fileEncoding = 4; lastKnownFileType = sourcecode.c.objc; path = BBDeviceShelfController.m; sourceTree = "<group>"; };
		B50D062412E87C0B006F2DA8 /* BBDeviceShelfController.xib */ = {isa = PBXFileReference; fileEncoding = 4; lastKnownFileType = file.xib; path = BBDeviceShelfController.xib; sourceTree = "<group>"; };
		B50EFAFC13095A400023F465 /* MGRecessedPopUpButtonCell.h */ = {isa = PBXFileReference; fileEncoding = 4; lastKnownFileType = sourcecode.c.h; path = MGRecessedPopUpButtonCell.h; sourceTree = "<group>"; };
		B50EFAFD13095A400023F465 /* MGRecessedPopUpButtonCell.m */ = {isa = PBXFileReference; fileEncoding = 4; lastKnownFileType = sourcecode.c.objc; path = MGRecessedPopUpButtonCell.m; sourceTree = "<group>"; };
		B50EFAFE13095A400023F465 /* MGScopeBar.h */ = {isa = PBXFileReference; fileEncoding = 4; lastKnownFileType = sourcecode.c.h; path = MGScopeBar.h; sourceTree = "<group>"; };
		B50EFAFF13095A400023F465 /* MGScopeBar.m */ = {isa = PBXFileReference; fileEncoding = 4; lastKnownFileType = sourcecode.c.objc; path = MGScopeBar.m; sourceTree = "<group>"; };
		B50EFB0013095A400023F465 /* MGScopeBarDelegateProtocol.h */ = {isa = PBXFileReference; fileEncoding = 4; lastKnownFileType = sourcecode.c.h; path = MGScopeBarDelegateProtocol.h; sourceTree = "<group>"; };
		B50EFB0113095A400023F465 /* Source Code License.rtf */ = {isa = PBXFileReference; fileEncoding = 4; lastKnownFileType = text.rtf; path = "Source Code License.rtf"; sourceTree = "<group>"; };
		B54DB20012DF0586006E12E8 /* iBambook.app */ = {isa = PBXFileReference; explicitFileType = wrapper.application; includeInIndex = 0; path = iBambook.app; sourceTree = BUILT_PRODUCTS_DIR; };
		B54DB20412DF0586006E12E8 /* Cocoa.framework */ = {isa = PBXFileReference; lastKnownFileType = wrapper.framework; name = Cocoa.framework; path = System/Library/Frameworks/Cocoa.framework; sourceTree = SDKROOT; };
		B54DB20712DF0586006E12E8 /* AppKit.framework */ = {isa = PBXFileReference; lastKnownFileType = wrapper.framework; name = AppKit.framework; path = System/Library/Frameworks/AppKit.framework; sourceTree = SDKROOT; };
		B54DB20812DF0586006E12E8 /* CoreData.framework */ = {isa = PBXFileReference; lastKnownFileType = wrapper.framework; name = CoreData.framework; path = System/Library/Frameworks/CoreData.framework; sourceTree = SDKROOT; };
		B54DB20912DF0586006E12E8 /* Foundation.framework */ = {isa = PBXFileReference; lastKnownFileType = wrapper.framework; name = Foundation.framework; path = System/Library/Frameworks/Foundation.framework; sourceTree = SDKROOT; };
		B54DB20C12DF0586006E12E8 /* iBambook-Info.plist */ = {isa = PBXFileReference; lastKnownFileType = text.plist.xml; path = "iBambook-Info.plist"; sourceTree = "<group>"; };
		B54DB20E12DF0586006E12E8 /* en */ = {isa = PBXFileReference; lastKnownFileType = text.plist.strings; name = en; path = en.lproj/InfoPlist.strings; sourceTree = "<group>"; };
		B54DB21012DF0586006E12E8 /* iBambook-Prefix.pch */ = {isa = PBXFileReference; lastKnownFileType = sourcecode.c.h; path = "iBambook-Prefix.pch"; sourceTree = "<group>"; };
		B54DB21112DF0586006E12E8 /* main.m */ = {isa = PBXFileReference; lastKnownFileType = sourcecode.c.objc; path = main.m; sourceTree = "<group>"; };
		B54DB21412DF0586006E12E8 /* en */ = {isa = PBXFileReference; lastKnownFileType = text.rtf; name = en; path = en.lproj/Credits.rtf; sourceTree = "<group>"; };
		B54DB21612DF0586006E12E8 /* iBambookAppDelegate.h */ = {isa = PBXFileReference; lastKnownFileType = sourcecode.c.h; lineEnding = 0; path = iBambookAppDelegate.h; sourceTree = "<group>"; xcLanguageSpecificationIdentifier = xcode.lang.objcpp; };
		B54DB21712DF0586006E12E8 /* iBambookAppDelegate.m */ = {isa = PBXFileReference; lastKnownFileType = sourcecode.c.objc; lineEnding = 0; path = iBambookAppDelegate.m; sourceTree = "<group>"; xcLanguageSpecificationIdentifier = xcode.lang.objc; };
		B54DB21A12DF0586006E12E8 /* en */ = {isa = PBXFileReference; lastKnownFileType = file.xib; name = en; path = en.lproj/MainMenu.xib; sourceTree = "<group>"; };
		B579E598130CC932001346D1 /* SHSplitView.h */ = {isa = PBXFileReference; fileEncoding = 4; lastKnownFileType = sourcecode.c.h; name = SHSplitView.h; path = iBambook/Custom/SHSplitView.h; sourceTree = "<group>"; };
		B579E599130CC932001346D1 /* SHSplitView.m */ = {isa = PBXFileReference; fileEncoding = 4; lastKnownFileType = sourcecode.c.objc; name = SHSplitView.m; path = iBambook/Custom/SHSplitView.m; sourceTree = "<group>"; };
		B591B3DB12EAB77800465B15 /* zh-Hans */ = {isa = PBXFileReference; lastKnownFileType = file.xib; name = "zh-Hans"; path = "zh-Hans.lproj/MainMenu.xib"; sourceTree = "<group>"; };
		B591B3DF12EAB95600465B15 /* en */ = {isa = PBXFileReference; fileEncoding = 4; lastKnownFileType = text.plist.strings; name = en; path = en.lproj/Localizable.strings; sourceTree = "<group>"; };
		B591B3E212EAB97900465B15 /* zh-Hans */ = {isa = PBXFileReference; fileEncoding = 4; lastKnownFileType = text.plist.strings; name = "zh-Hans"; path = "zh-Hans.lproj/Localizable.strings"; sourceTree = "<group>"; };
		B5BB6DB012E93B6D0027568D /* BBURL.h */ = {isa = PBXFileReference; fileEncoding = 4; lastKnownFileType = sourcecode.c.h; name = BBURL.h; path = iBambook/Common/BBURL.h; sourceTree = "<group>"; };
		B5BB6DB112E93B6D0027568D /* BBURL.m */ = {isa = PBXFileReference; fileEncoding = 4; lastKnownFileType = sourcecode.c.objc; name = BBURL.m; path = iBambook/Common/BBURL.m; sourceTree = "<group>"; };
		B5C42CA312E87C7B00FA4CA0 /* BBDeviceAppsController.h */ = {isa = PBXFileReference; fileEncoding = 4; lastKnownFileType = sourcecode.c.h; path = BBDeviceAppsController.h; sourceTree = "<group>"; };
		B5C42CA412E87C7B00FA4CA0 /* BBDeviceAppsController.m */ = {isa = PBXFileReference; fileEncoding = 4; lastKnownFileType = sourcecode.c.objc; path = BBDeviceAppsController.m; sourceTree = "<group>"; };
		B5C42CA512E87C7B00FA4CA0 /* BBDeviceAppsController.xib */ = {isa = PBXFileReference; fileEncoding = 4; lastKnownFileType = file.xib; path = BBDeviceAppsController.xib; sourceTree = "<group>"; };
		B5C42CA812E87CAF00FA4CA0 /* BBUserController.h */ = {isa = PBXFileReference; fileEncoding = 4; lastKnownFileType = sourcecode.c.h; path = BBUserController.h; sourceTree = "<group>"; };
		B5C42CA912E87CAF00FA4CA0 /* BBUserController.m */ = {isa = PBXFileReference; fileEncoding = 4; lastKnownFileType = sourcecode.c.objc; path = BBUserController.m; sourceTree = "<group>"; };
		B5C42CAA12E87CAF00FA4CA0 /* BBUserController.xib */ = {isa = PBXFileReference; fileEncoding = 4; lastKnownFileType = file.xib; path = BBUserController.xib; sourceTree = "<group>"; };
		B5E5875712E6974600FE7C02 /* BBDeviceController.h */ = {isa = PBXFileReference; fileEncoding = 4; lastKnownFileType = sourcecode.c.h; path = BBDeviceController.h; sourceTree = "<group>"; };
		B5E5875812E6974600FE7C02 /* BBDeviceController.m */ = {isa = PBXFileReference; fileEncoding = 4; lastKnownFileType = sourcecode.c.objc; lineEnding = 0; path = BBDeviceController.m; sourceTree = "<group>"; xcLanguageSpecificationIdentifier = xcode.lang.objc; };
		B5E5875912E6974600FE7C02 /* BBDeviceController.xib */ = {isa = PBXFileReference; fileEncoding = 4; lastKnownFileType = file.xib; path = BBDeviceController.xib; sourceTree = "<group>"; };
		B5E5875D12E6977100FE7C02 /* BBShelfController.h */ = {isa = PBXFileReference; fileEncoding = 4; lastKnownFileType = sourcecode.c.h; path = BBShelfController.h; sourceTree = "<group>"; };
		B5E5875E12E6977100FE7C02 /* BBShelfController.m */ = {isa = PBXFileReference; fileEncoding = 4; lastKnownFileType = sourcecode.c.objc; lineEnding = 0; path = BBShelfController.m; sourceTree = "<group>"; xcLanguageSpecificationIdentifier = xcode.lang.objc; };
		B5E5875F12E6977100FE7C02 /* BBShelfController.xib */ = {isa = PBXFileReference; fileEncoding = 4; lastKnownFileType = file.xib; path = BBShelfController.xib; sourceTree = "<group>"; };
		B5E5876412E6C2A300FE7C02 /* ImageAndTextCell.h */ = {isa = PBXFileReference; fileEncoding = 4; lastKnownFileType = sourcecode.c.h; lineEnding = 0; name = ImageAndTextCell.h; path = iBambook/SideBar/Cells/ImageAndTextCell.h; sourceTree = SOURCE_ROOT; xcLanguageSpecificationIdentifier = xcode.lang.objcpp; };
		B5E5876512E6C2A300FE7C02 /* ImageAndTextCell.m */ = {isa = PBXFileReference; fileEncoding = 4; lastKnownFileType = sourcecode.c.objc; lineEnding = 0; name = ImageAndTextCell.m; path = iBambook/SideBar/Cells/ImageAndTextCell.m; sourceTree = SOURCE_ROOT; xcLanguageSpecificationIdentifier = xcode.lang.objc; };
		B5E5876612E6C2A300FE7C02 /* SeparatorCell.h */ = {isa = PBXFileReference; fileEncoding = 4; lastKnownFileType = sourcecode.c.h; name = SeparatorCell.h; path = iBambook/SideBar/Cells/SeparatorCell.h; sourceTree = SOURCE_ROOT; };
		B5E5876712E6C2A300FE7C02 /* SeparatorCell.m */ = {isa = PBXFileReference; fileEncoding = 4; lastKnownFileType = sourcecode.c.objc; lineEnding = 0; name = SeparatorCell.m; path = iBambook/SideBar/Cells/SeparatorCell.m; sourceTree = SOURCE_ROOT; xcLanguageSpecificationIdentifier = xcode.lang.objc; };
		B5E5876A12E6C2AF00FE7C02 /* BaseNode.h */ = {isa = PBXFileReference; fileEncoding = 4; lastKnownFileType = sourcecode.c.h; lineEnding = 0; name = BaseNode.h; path = iBambook/SideBar/Nodes/BaseNode.h; sourceTree = SOURCE_ROOT; xcLanguageSpecificationIdentifier = xcode.lang.objcpp; };
		B5E5876B12E6C2AF00FE7C02 /* BaseNode.m */ = {isa = PBXFileReference; fileEncoding = 4; lastKnownFileType = sourcecode.c.objc; lineEnding = 0; name = BaseNode.m; path = iBambook/SideBar/Nodes/BaseNode.m; sourceTree = SOURCE_ROOT; xcLanguageSpecificationIdentifier = xcode.lang.objc; };
		B5E5876C12E6C2AF00FE7C02 /* ChildNode.h */ = {isa = PBXFileReference; fileEncoding = 4; lastKnownFileType = sourcecode.c.h; lineEnding = 0; name = ChildNode.h; path = iBambook/SideBar/Nodes/ChildNode.h; sourceTree = SOURCE_ROOT; xcLanguageSpecificationIdentifier = xcode.lang.objcpp; };
		B5E5876D12E6C2AF00FE7C02 /* ChildNode.m */ = {isa = PBXFileReference; fileEncoding = 4; lastKnownFileType = sourcecode.c.objc; lineEnding = 0; name = ChildNode.m; path = iBambook/SideBar/Nodes/ChildNode.m; sourceTree = SOURCE_ROOT; xcLanguageSpecificationIdentifier = xcode.lang.objc; };
		B5E5876E12E6C2AF00FE7C02 /* NSArrayExtensions.h */ = {isa = PBXFileReference; fileEncoding = 4; lastKnownFileType = sourcecode.c.h; lineEnding = 0; name = NSArrayExtensions.h; path = iBambook/SideBar/Nodes/NSArrayExtensions.h; sourceTree = SOURCE_ROOT; xcLanguageSpecificationIdentifier = xcode.lang.objcpp; };
		B5E5876F12E6C2AF00FE7C02 /* NSArrayExtensions.m */ = {isa = PBXFileReference; fileEncoding = 4; lastKnownFileType = sourcecode.c.objc; lineEnding = 0; name = NSArrayExtensions.m; path = iBambook/SideBar/Nodes/NSArrayExtensions.m; sourceTree = SOURCE_ROOT; xcLanguageSpecificationIdentifier = xcode.lang.objc; };
/* End PBXFileReference section */

/* Begin PBXFrameworksBuildPhase section */
		B54DB1FD12DF0586006E12E8 /* Frameworks */ = {
			isa = PBXFrameworksBuildPhase;
			buildActionMask = 2147483647;
			files = (
				B54DB20512DF0586006E12E8 /* Cocoa.framework in Frameworks */,
			);
			runOnlyForDeploymentPostprocessing = 0;
		};
/* End PBXFrameworksBuildPhase section */

/* Begin PBXGroup section */
		B50723BE12E3E4D30090BB52 /* Cells */ = {
			isa = PBXGroup;
			children = (
				B5E5876412E6C2A300FE7C02 /* ImageAndTextCell.h */,
				B5E5876512E6C2A300FE7C02 /* ImageAndTextCell.m */,
				B5E5876612E6C2A300FE7C02 /* SeparatorCell.h */,
				B5E5876712E6C2A300FE7C02 /* SeparatorCell.m */,
			);
			name = Cells;
			path = iBambook/Cells;
			sourceTree = "<group>";
		};
		B50723C312E3E4D30090BB52 /* Controllers */ = {
			isa = PBXGroup;
			children = (
				B50723C412E3E4D30090BB52 /* SideBarController.h */,
				B50723C512E3E4D30090BB52 /* SideBarController.m */,
				B50723DA12E3ED510090BB52 /* SideBarController.xib */,
				B50D061812E874F9006F2DA8 /* BBContentController.h */,
				B50D061912E874F9006F2DA8 /* BBContentController.m */,
				B5E5875D12E6977100FE7C02 /* BBShelfController.h */,
				B5E5875E12E6977100FE7C02 /* BBShelfController.m */,
				B5E5875F12E6977100FE7C02 /* BBShelfController.xib */,
				B50D061D12E87B43006F2DA8 /* BBAppsController.h */,
				B50D061E12E87B43006F2DA8 /* BBAppsController.m */,
				B50D061F12E87B43006F2DA8 /* BBAppsController.xib */,
				B5E5875712E6974600FE7C02 /* BBDeviceController.h */,
				B5E5875812E6974600FE7C02 /* BBDeviceController.m */,
				B5E5875912E6974600FE7C02 /* BBDeviceController.xib */,
				B50D062212E87C0B006F2DA8 /* BBDeviceShelfController.h */,
				B50D062312E87C0B006F2DA8 /* BBDeviceShelfController.m */,
				B50D062412E87C0B006F2DA8 /* BBDeviceShelfController.xib */,
				B5C42CA312E87C7B00FA4CA0 /* BBDeviceAppsController.h */,
				B5C42CA412E87C7B00FA4CA0 /* BBDeviceAppsController.m */,
				B5C42CA512E87C7B00FA4CA0 /* BBDeviceAppsController.xib */,
				B5C42CA812E87CAF00FA4CA0 /* BBUserController.h */,
				B5C42CA912E87CAF00FA4CA0 /* BBUserController.m */,
				B5C42CAA12E87CAF00FA4CA0 /* BBUserController.xib */,
			);
			name = Controllers;
			path = iBambook/Controllers;
			sourceTree = "<group>";
		};
		B50723C612E3E4D30090BB52 /* Nodes */ = {
			isa = PBXGroup;
			children = (
				B5E5876A12E6C2AF00FE7C02 /* BaseNode.h */,
				B5E5876B12E6C2AF00FE7C02 /* BaseNode.m */,
				B5E5876C12E6C2AF00FE7C02 /* ChildNode.h */,
				B5E5876D12E6C2AF00FE7C02 /* ChildNode.m */,
				B5E5876E12E6C2AF00FE7C02 /* NSArrayExtensions.h */,
				B5E5876F12E6C2AF00FE7C02 /* NSArrayExtensions.m */,
			);
			name = Nodes;
			path = iBambook/TreeNodes;
			sourceTree = "<group>";
		};
		B50EFAFB13095A400023F465 /* MGScopeBar */ = {
			isa = PBXGroup;
			children = (
				B50EFAFC13095A400023F465 /* MGRecessedPopUpButtonCell.h */,
				B50EFAFD13095A400023F465 /* MGRecessedPopUpButtonCell.m */,
				B50EFAFE13095A400023F465 /* MGScopeBar.h */,
				B50EFAFF13095A400023F465 /* MGScopeBar.m */,
				B50EFB0013095A400023F465 /* MGScopeBarDelegateProtocol.h */,
				B50EFB0113095A400023F465 /* Source Code License.rtf */,
			);
			name = MGScopeBar;
			path = iBambook/MGScopeBar;
			sourceTree = "<group>";
		};
		B54DB1F512DF0586006E12E8 = {
			isa = PBXGroup;
			children = (
				B579E597130CC8F0001346D1 /* Custom */,
				B5BB6DAF12E93B5A0027568D /* Common */,
				B5E5876312E6C24200FE7C02 /* SideBar */,
				B50EFAFB13095A400023F465 /* MGScopeBar */,
				B50723C312E3E4D30090BB52 /* Controllers */,
				B54DB20A12DF0586006E12E8 /* iBambook */,
				B54DB20312DF0586006E12E8 /* Frameworks */,
				B54DB20112DF0586006E12E8 /* Products */,
			);
			sourceTree = "<group>";
		};
		B54DB20112DF0586006E12E8 /* Products */ = {
			isa = PBXGroup;
			children = (
				B54DB20012DF0586006E12E8 /* iBambook.app */,
			);
			name = Products;
			sourceTree = "<group>";
		};
		B54DB20312DF0586006E12E8 /* Frameworks */ = {
			isa = PBXGroup;
			children = (
				B54DB20412DF0586006E12E8 /* Cocoa.framework */,
				B54DB20612DF0586006E12E8 /* Other Frameworks */,
			);
			name = Frameworks;
			sourceTree = "<group>";
		};
		B54DB20612DF0586006E12E8 /* Other Frameworks */ = {
			isa = PBXGroup;
			children = (
				B54DB20712DF0586006E12E8 /* AppKit.framework */,
				B54DB20812DF0586006E12E8 /* CoreData.framework */,
				B54DB20912DF0586006E12E8 /* Foundation.framework */,
			);
			name = "Other Frameworks";
			sourceTree = "<group>";
		};
		B54DB20A12DF0586006E12E8 /* iBambook */ = {
			isa = PBXGroup;
			children = (
				B54DB21612DF0586006E12E8 /* iBambookAppDelegate.h */,
				B54DB21712DF0586006E12E8 /* iBambookAppDelegate.m */,
				B591B3E012EAB95600465B15 /* Localizable.strings */,
				B54DB21912DF0586006E12E8 /* MainMenu.xib */,
				B54DB20B12DF0586006E12E8 /* Supporting Files */,
			);
			path = iBambook;
			sourceTree = "<group>";
		};
		B54DB20B12DF0586006E12E8 /* Supporting Files */ = {
			isa = PBXGroup;
			children = (
				B54DB20C12DF0586006E12E8 /* iBambook-Info.plist */,
				B54DB20D12DF0586006E12E8 /* InfoPlist.strings */,
				B54DB21012DF0586006E12E8 /* iBambook-Prefix.pch */,
				B54DB21112DF0586006E12E8 /* main.m */,
				B54DB21312DF0586006E12E8 /* Credits.rtf */,
			);
			name = "Supporting Files";
			sourceTree = "<group>";
		};
		B579E597130CC8F0001346D1 /* Custom */ = {
			isa = PBXGroup;
			children = (
				B579E598130CC932001346D1 /* SHSplitView.h */,
				B579E599130CC932001346D1 /* SHSplitView.m */,
			);
			name = Custom;
			sourceTree = "<group>";
		};
		B5BB6DAF12E93B5A0027568D /* Common */ = {
			isa = PBXGroup;
			children = (
				B5BB6DB012E93B6D0027568D /* BBURL.h */,
				B5BB6DB112E93B6D0027568D /* BBURL.m */,
			);
			name = Common;
			sourceTree = "<group>";
		};
		B5E5876312E6C24200FE7C02 /* SideBar */ = {
			isa = PBXGroup;
			children = (
				B50723C612E3E4D30090BB52 /* Nodes */,
				B50723BE12E3E4D30090BB52 /* Cells */,
			);
			name = SideBar;
			sourceTree = "<group>";
		};
/* End PBXGroup section */

/* Begin PBXNativeTarget section */
		B54DB1FF12DF0586006E12E8 /* iBambook */ = {
			isa = PBXNativeTarget;
			buildConfigurationList = B54DB21E12DF0586006E12E8 /* Build configuration list for PBXNativeTarget "iBambook" */;
			buildPhases = (
				B54DB1FC12DF0586006E12E8 /* Sources */,
				B54DB1FD12DF0586006E12E8 /* Frameworks */,
				B54DB1FE12DF0586006E12E8 /* Resources */,
			);
			buildRules = (
			);
			dependencies = (
			);
			name = iBambook;
			productName = iBambook;
			productReference = B54DB20012DF0586006E12E8 /* iBambook.app */;
			productType = "com.apple.product-type.application";
		};
/* End PBXNativeTarget section */

/* Begin PBXProject section */
		B54DB1F712DF0586006E12E8 /* Project object */ = {
			isa = PBXProject;
			attributes = {
				ORGANIZATIONNAME = "Shanda Innovations";
			};
			buildConfigurationList = B54DB1FA12DF0586006E12E8 /* Build configuration list for PBXProject "iBambook" */;
			compatibilityVersion = "Xcode 3.2";
			developmentRegion = English;
			hasScannedForEncodings = 0;
			knownRegions = (
				en,
				"zh-Hans-CN",
				"zh-Hant",
				"zh-Hans",
				zh,
				fr,
			);
			mainGroup = B54DB1F512DF0586006E12E8;
			productRefGroup = B54DB20112DF0586006E12E8 /* Products */;
			projectDirPath = "";
			projectRoot = "";
			targets = (
				B54DB1FF12DF0586006E12E8 /* iBambook */,
			);
		};
/* End PBXProject section */

/* Begin PBXResourcesBuildPhase section */
		B54DB1FE12DF0586006E12E8 /* Resources */ = {
			isa = PBXResourcesBuildPhase;
			buildActionMask = 2147483647;
			files = (
				B54DB20F12DF0586006E12E8 /* InfoPlist.strings in Resources */,
				B54DB21512DF0586006E12E8 /* Credits.rtf in Resources */,
				B54DB21B12DF0586006E12E8 /* MainMenu.xib in Resources */,
				B50723DB12E3ED510090BB52 /* SideBarController.xib in Resources */,
				B5E5875B12E6974600FE7C02 /* BBDeviceController.xib in Resources */,
				B5E5876112E6977100FE7C02 /* BBShelfController.xib in Resources */,
				B50D062112E87B43006F2DA8 /* BBAppsController.xib in Resources */,
				B50D062612E87C0B006F2DA8 /* BBDeviceShelfController.xib in Resources */,
				B5C42CA712E87C7B00FA4CA0 /* BBDeviceAppsController.xib in Resources */,
				B5C42CAC12E87CAF00FA4CA0 /* BBUserController.xib in Resources */,
				B591B3DE12EAB95600465B15 /* Localizable.strings in Resources */,
				B50EFB0413095A400023F465 /* Source Code License.rtf in Resources */,
			);
			runOnlyForDeploymentPostprocessing = 0;
		};
/* End PBXResourcesBuildPhase section */

/* Begin PBXSourcesBuildPhase section */
		B54DB1FC12DF0586006E12E8 /* Sources */ = {
			isa = PBXSourcesBuildPhase;
			buildActionMask = 2147483647;
			files = (
				B54DB21212DF0586006E12E8 /* main.m in Sources */,
				B54DB21812DF0586006E12E8 /* iBambookAppDelegate.m in Sources */,
				B50723CF12E3E4D30090BB52 /* SideBarController.m in Sources */,
				B5E5875A12E6974600FE7C02 /* BBDeviceController.m in Sources */,
				B5E5876012E6977100FE7C02 /* BBShelfController.m in Sources */,
				B5E5876812E6C2A300FE7C02 /* ImageAndTextCell.m in Sources */,
				B5E5876912E6C2A300FE7C02 /* SeparatorCell.m in Sources */,
				B5E5877012E6C2AF00FE7C02 /* BaseNode.m in Sources */,
				B5E5877112E6C2AF00FE7C02 /* ChildNode.m in Sources */,
				B5E5877212E6C2AF00FE7C02 /* NSArrayExtensions.m in Sources */,
				B50D061B12E874F9006F2DA8 /* BBContentController.m in Sources */,
				B50D062012E87B43006F2DA8 /* BBAppsController.m in Sources */,
				B50D062512E87C0B006F2DA8 /* BBDeviceShelfController.m in Sources */,
				B5C42CA612E87C7B00FA4CA0 /* BBDeviceAppsController.m in Sources */,
				B5C42CAB12E87CAF00FA4CA0 /* BBUserController.m in Sources */,
				B5BB6DB212E93B6D0027568D /* BBURL.m in Sources */,
				B50EFB0213095A400023F465 /* MGRecessedPopUpButtonCell.m in Sources */,
				B50EFB0313095A400023F465 /* MGScopeBar.m in Sources */,
				B579E59A130CC932001346D1 /* SHSplitView.m in Sources */,
			);
			runOnlyForDeploymentPostprocessing = 0;
		};
/* End PBXSourcesBuildPhase section */

/* Begin PBXVariantGroup section */
		B54DB20D12DF0586006E12E8 /* InfoPlist.strings */ = {
			isa = PBXVariantGroup;
			children = (
				B54DB20E12DF0586006E12E8 /* en */,
			);
			name = InfoPlist.strings;
			sourceTree = "<group>";
		};
		B54DB21312DF0586006E12E8 /* Credits.rtf */ = {
			isa = PBXVariantGroup;
			children = (
				B54DB21412DF0586006E12E8 /* en */,
			);
			name = Credits.rtf;
			sourceTree = "<group>";
		};
		B54DB21912DF0586006E12E8 /* MainMenu.xib */ = {
			isa = PBXVariantGroup;
			children = (
				B54DB21A12DF0586006E12E8 /* en */,
				B591B3DB12EAB77800465B15 /* zh-Hans */,
			);
			name = MainMenu.xib;
			sourceTree = "<group>";
		};
		B591B3E012EAB95600465B15 /* Localizable.strings */ = {
			isa = PBXVariantGroup;
			children = (
				B591B3DF12EAB95600465B15 /* en */,
				B591B3E212EAB97900465B15 /* zh-Hans */,
			);
			name = Localizable.strings;
			sourceTree = "<group>";
			usesTabs = 1;
			wrapsLines = 1;
		};
/* End PBXVariantGroup section */

/* Begin XCBuildConfiguration section */
		B54DB21C12DF0586006E12E8 /* Debug */ = {
			isa = XCBuildConfiguration;
			buildSettings = {
				ARCHS = "$(ARCHS_STANDARD_32_64_BIT)";
				GCC_C_LANGUAGE_STANDARD = gnu99;
				GCC_OPTIMIZATION_LEVEL = 0;
				GCC_PREPROCESSOR_DEFINITIONS = DEBUG;
				GCC_VERSION = com.apple.compilers.llvm.clang.1_0;
				GCC_WARN_ABOUT_RETURN_TYPE = YES;
				GCC_WARN_UNUSED_VARIABLE = YES;
				MACOSX_DEPLOYMENT_TARGET = 10.6;
				ONLY_ACTIVE_ARCH = YES;
				SDKROOT = "";
			};
			name = Debug;
		};
		B54DB21D12DF0586006E12E8 /* Release */ = {
			isa = XCBuildConfiguration;
			buildSettings = {
				ARCHS = "$(ARCHS_STANDARD_32_64_BIT)";
				GCC_C_LANGUAGE_STANDARD = gnu99;
				GCC_VERSION = com.apple.compilers.llvm.clang.1_0;
				GCC_WARN_ABOUT_RETURN_TYPE = YES;
				GCC_WARN_UNUSED_VARIABLE = YES;
				MACOSX_DEPLOYMENT_TARGET = 10.6;
				SDKROOT = "";
			};
			name = Release;
		};
		B54DB21F12DF0586006E12E8 /* Debug */ = {
			isa = XCBuildConfiguration;
			buildSettings = {
				ALWAYS_SEARCH_USER_PATHS = NO;
				COPY_PHASE_STRIP = NO;
				GCC_DYNAMIC_NO_PIC = NO;
				GCC_ENABLE_OBJC_EXCEPTIONS = YES;
				GCC_PRECOMPILE_PREFIX_HEADER = YES;
				GCC_PREFIX_HEADER = "iBambook/iBambook-Prefix.pch";
				IBC_WARNINGS = NO;
				INFOPLIST_FILE = "iBambook/iBambook-Info.plist";
				INSTALL_PATH = "$(HOME)/Applications";
				MACOSX_DEPLOYMENT_TARGET = 10.6;
				PRODUCT_NAME = "$(TARGET_NAME)";
				WRAPPER_EXTENSION = app;
			};
			name = Debug;
		};
		B54DB22012DF0586006E12E8 /* Release */ = {
			isa = XCBuildConfiguration;
			buildSettings = {
				ALWAYS_SEARCH_USER_PATHS = NO;
				COPY_PHASE_STRIP = YES;
				DEBUG_INFORMATION_FORMAT = "dwarf-with-dsym";
				GCC_ENABLE_OBJC_EXCEPTIONS = YES;
				GCC_PRECOMPILE_PREFIX_HEADER = YES;
				GCC_PREFIX_HEADER = "iBambook/iBambook-Prefix.pch";
				IBC_WARNINGS = NO;
				INFOPLIST_FILE = "iBambook/iBambook-Info.plist";
				INSTALL_PATH = "$(HOME)/Applications";
				MACOSX_DEPLOYMENT_TARGET = 10.6;
				PRODUCT_NAME = "$(TARGET_NAME)";
				WRAPPER_EXTENSION = app;
			};
			name = Release;
		};
/* End XCBuildConfiguration section */

/* Begin XCConfigurationList section */
		B54DB1FA12DF0586006E12E8 /* Build configuration list for PBXProject "iBambook" */ = {
			isa = XCConfigurationList;
			buildConfigurations = (
				B54DB21C12DF0586006E12E8 /* Debug */,
				B54DB21D12DF0586006E12E8 /* Release */,
			);
			defaultConfigurationIsVisible = 0;
			defaultConfigurationName = Release;
		};
		B54DB21E12DF0586006E12E8 /* Build configuration list for PBXNativeTarget "iBambook" */ = {
			isa = XCConfigurationList;
			buildConfigurations = (
				B54DB21F12DF0586006E12E8 /* Debug */,
				B54DB22012DF0586006E12E8 /* Release */,
			);
			defaultConfigurationIsVisible = 0;
			defaultConfigurationName = Release;
		};
/* End XCConfigurationList section */
	};
	rootObject = B54DB1F712DF0586006E12E8 /* Project object */;
}
